
Microsoft Visual Studio Solution File, Format Version 12.00
# Visual Studio Version 17
VisualStudioVersion = 17.3.32825.248
MinimumVisualStudioVersion = 10.0.40219.1
Project("{FAE04EC0-301F-11D3-BF4B-00C04F79EFBC}") = "BasicKalıtım", "BasicKalıtım.csproj", "{DEC3446C-461C-4E02-9AB2-B2D347BF3550}"
EndProject
Global
	GlobalSection(SolutionConfigurationPlatforms) = preSolution
		Debug|Any CPU = Debug|Any CPU
		Release|Any CPU = Release|Any CPU
	EndGlobalSection
	GlobalSection(ProjectConfigurationPlatforms) = postSolution
		{DEC3446C-461C-4E02-9AB2-B2D347BF3550}.Debug|Any CPU.ActiveCfg = Debug|Any CPU
		{DEC3446C-461C-4E02-9AB2-B2D347BF3550}.Debug|Any CPU.Build.0 = Debug|Any CPU
		{DEC3446C-461C-4E02-9AB2-B2D347BF3550}.Release|Any CPU.ActiveCfg = Release|Any CPU
		{DEC3446C-461C-4E02-9AB2-B2D347BF3550}.Release|Any CPU.Build.0 = Release|Any CPU
	EndGlobalSection
	GlobalSection(SolutionProperties) = preSolution
		HideSolutionNode = FALSE
	EndGlobalSection
	GlobalSection(ExtensibilityGlobals) = postSolution
		SolutionGuid = {73183494-1C0C-49A3-AE88-015444F3C392}
	EndGlobalSection
EndGlobal
